
Microsoft Visual Studio Solution File, Format Version 12.00
# Visual Studio 15
VisualStudioVersion = 15.0.27130.2036
MinimumVisualStudioVersion = 10.0.40219.1
Project("{FAE04EC0-301F-11D3-BF4B-00C04F79EFBC}") = "Stack", "Stack\Stack.csproj", "{5CFAD26C-2FB2-4A2A-9570-C0CB6BBC361A}"
EndProject
Project("{FAE04EC0-301F-11D3-BF4B-00C04F79EFBC}") = "ArrayList", "ArrayList\ArrayList.csproj", "{A336672B-1F70-4F5A-9741-EC8B74709A2A}"
EndProject
Project("{FAE04EC0-301F-11D3-BF4B-00C04F79EFBC}") = "LinkedList", "LinkedList\LinkedList.csproj", "{8370FF3A-C385-4228-A75F-5F2A9F6B38BC}"
EndProject
Project("{FAE04EC0-301F-11D3-BF4B-00C04F79EFBC}") = "Deque", "Deque\Deque.csproj", "{77974586-344F-4202-8629-BE6217D27B9D}"
EndProject
Project("{FAE04EC0-301F-11D3-BF4B-00C04F79EFBC}") = "AVL-Tree", "AVL-Tree\AVL-Tree.csproj", "{6CB8A25E-FC1F-4F7C-AF9C-0B6CEDC76EF6}"
EndProject
Project("{FAE04EC0-301F-11D3-BF4B-00C04F79EFBC}") = "StringCounter", "StringCounter\StringCounter.csproj", "{5E83E80E-C9ED-48FF-AEED-84FDC9C4471D}"
EndProject
Global
	GlobalSection(SolutionConfigurationPlatforms) = preSolution
		Debug|Any CPU = Debug|Any CPU
		Release|Any CPU = Release|Any CPU
	EndGlobalSection
	GlobalSection(ProjectConfigurationPlatforms) = postSolution
		{5CFAD26C-2FB2-4A2A-9570-C0CB6BBC361A}.Debug|Any CPU.ActiveCfg = Debug|Any CPU
		{5CFAD26C-2FB2-4A2A-9570-C0CB6BBC361A}.Debug|Any CPU.Build.0 = Debug|Any CPU
		{5CFAD26C-2FB2-4A2A-9570-C0CB6BBC361A}.Release|Any CPU.ActiveCfg = Release|Any CPU
		{5CFAD26C-2FB2-4A2A-9570-C0CB6BBC361A}.Release|Any CPU.Build.0 = Release|Any CPU
		{A336672B-1F70-4F5A-9741-EC8B74709A2A}.Debug|Any CPU.ActiveCfg = Debug|Any CPU
		{A336672B-1F70-4F5A-9741-EC8B74709A2A}.Debug|Any CPU.Build.0 = Debug|Any CPU
		{A336672B-1F70-4F5A-9741-EC8B74709A2A}.Release|Any CPU.ActiveCfg = Release|Any CPU
		{A336672B-1F70-4F5A-9741-EC8B74709A2A}.Release|Any CPU.Build.0 = Release|Any CPU
		{8370FF3A-C385-4228-A75F-5F2A9F6B38BC}.Debug|Any CPU.ActiveCfg = Debug|Any CPU
		{8370FF3A-C385-4228-A75F-5F2A9F6B38BC}.Debug|Any CPU.Build.0 = Debug|Any CPU
		{8370FF3A-C385-4228-A75F-5F2A9F6B38BC}.Release|Any CPU.ActiveCfg = Release|Any CPU
		{8370FF3A-C385-4228-A75F-5F2A9F6B38BC}.Release|Any CPU.Build.0 = Release|Any CPU
		{77974586-344F-4202-8629-BE6217D27B9D}.Debug|Any CPU.ActiveCfg = Debug|Any CPU
		{77974586-344F-4202-8629-BE6217D27B9D}.Debug|Any CPU.Build.0 = Debug|Any CPU
		{77974586-344F-4202-8629-BE6217D27B9D}.Release|Any CPU.ActiveCfg = Release|Any CPU
		{77974586-344F-4202-8629-BE6217D27B9D}.Release|Any CPU.Build.0 = Release|Any CPU
		{6CB8A25E-FC1F-4F7C-AF9C-0B6CEDC76EF6}.Debug|Any CPU.ActiveCfg = Debug|Any CPU
		{6CB8A25E-FC1F-4F7C-AF9C-0B6CEDC76EF6}.Debug|Any CPU.Build.0 = Debug|Any CPU
		{6CB8A25E-FC1F-4F7C-AF9C-0B6CEDC76EF6}.Release|Any CPU.ActiveCfg = Release|Any CPU
		{6CB8A25E-FC1F-4F7C-AF9C-0B6CEDC76EF6}.Release|Any CPU.Build.0 = Release|Any CPU
		{5E83E80E-C9ED-48FF-AEED-84FDC9C4471D}.Debug|Any CPU.ActiveCfg = Debug|Any CPU
		{5E83E80E-C9ED-48FF-AEED-84FDC9C4471D}.Debug|Any CPU.Build.0 = Debug|Any CPU
		{5E83E80E-C9ED-48FF-AEED-84FDC9C4471D}.Release|Any CPU.ActiveCfg = Release|Any CPU
		{5E83E80E-C9ED-48FF-AEED-84FDC9C4471D}.Release|Any CPU.Build.0 = Release|Any CPU
	EndGlobalSection
	GlobalSection(SolutionProperties) = preSolution
		HideSolutionNode = FALSE
	EndGlobalSection
	GlobalSection(ExtensibilityGlobals) = postSolution
		SolutionGuid = {AFB58150-E6CE-4493-BC46-E28518AB7C6A}
	EndGlobalSection
EndGlobal
